// !$*UTF8*$!
{
	archiveVersion = 1;
	classes = {
	};
	objectVersion = 46;
	objects = {

/* Begin PBXBuildFile section */
		17B0C7C91BF748E900CD65AA /* AppDelegate.swift in Sources */ = {isa = PBXBuildFile; fileRef = 17B0C7C81BF748E900CD65AA /* AppDelegate.swift */; };
		17B0C7CB1BF748E900CD65AA /* ViewController.swift in Sources */ = {isa = PBXBuildFile; fileRef = 17B0C7CA1BF748E900CD65AA /* ViewController.swift */; };
		17B0C7CE1BF748E900CD65AA /* Main.storyboard in Resources */ = {isa = PBXBuildFile; fileRef = 17B0C7CC1BF748E900CD65AA /* Main.storyboard */; };
		17B0C7D01BF748E900CD65AA /* Assets.xcassets in Resources */ = {isa = PBXBuildFile; fileRef = 17B0C7CF1BF748E900CD65AA /* Assets.xcassets */; };
		17B0C7D31BF748E900CD65AA /* LaunchScreen.storyboard in Resources */ = {isa = PBXBuildFile; fileRef = 17B0C7D11BF748E900CD65AA /* LaunchScreen.storyboard */; };
/* End PBXBuildFile section */

/* Begin PBXFileReference section */
		17B0C7C51BF748E900CD65AA /* WriteRead2File.app */ = {isa = PBXFileReference; explicitFileType = wrapper.application; includeInIndex = 0; path = WriteRead2File.app; sourceTree = BUILT_PRODUCTS_DIR; };
		17B0C7C81BF748E900CD65AA /* AppDelegate.swift */ = {isa = PBXFileReference; lastKnownFileType = sourcecode.swift; path = AppDelegate.swift; sourceTree = "<group>"; };
		17B0C7CA1BF748E900CD65AA /* ViewController.swift */ = {isa = PBXFileReference; lastKnownFileType = sourcecode.swift; path = ViewController.swift; sourceTree = "<group>"; };
		17B0C7CD1BF748E900CD65AA /* Base */ = {isa = PBXFileReference; lastKnownFileType = file.storyboard; name = Base; path = Base.lproj/Main.storyboard; sourceTree = "<group>"; };
		17B0C7CF1BF748E900CD65AA /* Assets.xcassets */ = {isa = PBXFileReference; lastKnownFileType = folder.assetcatalog; path = Assets.xcassets; sourceTree = "<group>"; };
		17B0C7D21BF748E900CD65AA /* Base */ = {isa = PBXFileReference; lastKnownFileType = file.storyboard; name = Base; path = Base.lproj/LaunchScreen.storyboard; sourceTree = "<group>"; };
		17B0C7D41BF748E900CD65AA /* Info.plist */ = {isa = PBXFileReference; lastKnownFileType = text.plist.xml; path = Info.plist; sourceTree = "<group>"; };
/* End PBXFileReference section */

/* Begin PBXFrameworksBuildPhase section */
		17B0C7C21BF748E900CD65AA /* Frameworks */ = {
			isa = PBXFrameworksBuildPhase;
			buildActionMask = 2147483647;
			files = (
			);
			runOnlyForDeploymentPostprocessing = 0;
		};
/* End PBXFrameworksBuildPhase section */

/* Begin PBXGroup section */
		17B0C7BC1BF748E900CD65AA = {
			isa = PBXGroup;
			children = (
				17B0C7C71BF748E900CD65AA /* WriteRead2File */,
				17B0C7C61BF748E900CD65AA /* Products */,
			);
			sourceTree = "<group>";
		};
		17B0C7C61BF748E900CD65AA /* Products */ = {
			isa = PBXGroup;
			children = (
				17B0C7C51BF748E900CD65AA /* WriteRead2File.app */,
			);
			name = Products;
			sourceTree = "<group>";
		};
		17B0C7C71BF748E900CD65AA /* WriteRead2File */ = {
			isa = PBXGroup;
			children = (
				17B0C7C81BF748E900CD65AA /* AppDelegate.swift */,
				17B0C7CA1BF748E900CD65AA /* ViewController.swift */,
				17B0C7CC1BF748E900CD65AA /* Main.storyboard */,
				17B0C7CF1BF748E900CD65AA /* Assets.xcassets */,
				17B0C7D11BF748E900CD65AA /* LaunchScreen.storyboard */,
				17B0C7D41BF748E900CD65AA /* Info.plist */,
			);
			path = WriteRead2File;
			sourceTree = "<group>";
		};
/* End PBXGroup section */

/* Begin PBXNativeTarget section */
		17B0C7C41BF748E900CD65AA /* WriteRead2File */ = {
			isa = PBXNativeTarget;
			buildConfigurationList = 17B0C7D71BF748E900CD65AA /* Build configuration list for PBXNativeTarget "WriteRead2File" */;
			buildPhases = (
				17B0C7C11BF748E900CD65AA /* Sources */,
				17B0C7C21BF748E900CD65AA /* Frameworks */,
				17B0C7C31BF748E900CD65AA /* Resources */,
			);
			buildRules = (
			);
			dependencies = (
			);
			name = WriteRead2File;
			productName = WriteRead2File;
			productReference = 17B0C7C51BF748E900CD65AA /* WriteRead2File.app */;
			productType = "com.apple.product-type.application";
		};
/* End PBXNativeTarget section */

/* Begin PBXProject section */
		17B0C7BD1BF748E900CD65AA /* Project object */ = {
			isa = PBXProject;
			attributes = {
				LastSwiftUpdateCheck = 0710;
				LastUpgradeCheck = 0710;
				ORGANIZATIONNAME = Abraham;
				TargetAttributes = {
					17B0C7C41BF748E900CD65AA = {
						CreatedOnToolsVersion = 7.1.1;
						DevelopmentTeam = XL5E3T6G8Z;
					};
				};
			};
			buildConfigurationList = 17B0C7C01BF748E900CD65AA /* Build configuration list for PBXProject "WriteRead2File" */;
			compatibilityVersion = "Xcode 3.2";
			developmentRegion = English;
			hasScannedForEncodings = 0;
			knownRegions = (
				en,
				Base,
			);
			mainGroup = 17B0C7BC1BF748E900CD65AA;
			productRefGroup = 17B0C7C61BF748E900CD65AA /* Products */;
			projectDirPath = "";
			projectRoot = "";
			targets = (
				17B0C7C41BF748E900CD65AA /* WriteRead2File */,
			);
		};
/* End PBXProject section */

/* Begin PBXResourcesBuildPhase section */
		17B0C7C31BF748E900CD65AA /* Resources */ = {
			isa = PBXResourcesBuildPhase;
			buildActionMask = 2147483647;
			files = (
				17B0C7D31BF748E900CD65AA /* LaunchScreen.storyboard in Resources */,
				17B0C7D01BF748E900CD65AA /* Assets.xcassets in Resources */,
				17B0C7CE1BF748E900CD65AA /* Main.storyboard in Resources */,
			);
			runOnlyForDeploymentPostprocessing = 0;
		};
/* End PBXResourcesBuildPhase section */

/* Begin PBXSourcesBuildPhase section */
		17B0C7C11BF748E900CD65AA /* Sources */ = {
			isa = PBXSourcesBuildPhase;
			buildActionMask = 2147483647;
			files = (
				17B0C7CB1BF748E900CD65AA /* ViewController.swift in Sources */,
				17B0C7C91BF748E900CD65AA /* AppDelegate.swift in Sources */,
			);
			runOnlyForDeploymentPostprocessing = 0;
		};
/* End PBXSourcesBuildPhase section */

/* Begin PBXVariantGroup section */
		17B0C7CC1BF748E900CD65AA /* Main.storyboard */ = {
			isa = PBXVariantGroup;
			children = (
				17B0C7CD1BF748E900CD65AA /* Base */,
			);
			name = Main.storyboard;
			sourceTree = "<group>";
		};
		17B0C7D11BF748E900CD65AA /* LaunchScreen.storyboard */ = {
			isa = PBXVariantGroup;
			children = (
				17B0C7D21BF748E900CD65AA /* Base */,
			);
			name = LaunchScreen.storyboard;
			sourceTree = "<group>";
		};
/* End PBXVariantGroup section */

/* Begin XCBuildConfiguration section */
		17B0C7D51BF748E900CD65AA /* Debug */ = {
			isa = XCBuildConfiguration;
			buildSettings = {
				ALWAYS_SEARCH_USER_PATHS = NO;
				CLANG_CXX_LANGUAGE_STANDARD = "gnu++0x";
				CLANG_CXX_LIBRARY = "libc++";
				CLANG_ENABLE_MODULES = YES;
				CLANG_ENABLE_OBJC_ARC = YES;
				CLANG_WARN_BOOL_CONVERSION = YES;
				CLANG_WARN_CONSTANT_CONVERSION = YES;
				CLANG_WARN_DIRECT_OBJC_ISA_USAGE = YES_ERROR;
				CLANG_WARN_EMPTY_BODY = YES;
				CLANG_WARN_ENUM_CONVERSION = YES;
				CLANG_WARN_INT_CONVERSION = YES;
				CLANG_WARN_OBJC_ROOT_CLASS = YES_ERROR;
				CLANG_WARN_UNREACHABLE_CODE = YES;
				CLANG_WARN__DUPLICATE_METHOD_MATCH = YES;
				"CODE_SIGN_IDENTITY[sdk=iphoneos*]" = "iPhone Developer";
				COPY_PHASE_STRIP = NO;
				DEBUG_INFORMATION_FORMAT = dwarf;
				ENABLE_STRICT_OBJC_MSGSEND = YES;
				ENABLE_TESTABILITY = YES;
				GCC_C_LANGUAGE_STANDARD = gnu99;
				GCC_DYNAMIC_NO_PIC = NO;
				GCC_NO_COMMON_BLOCKS = YES;
				GCC_OPTIMIZATION_LEVEL = 0;
				GCC_PREPROCESSOR_DEFINITIONS = (
					"DEBUG=1",
					"$(inherited)",
				);
				GCC_WARN_64_TO_32_BIT_CONVERSION = YES;
				GCC_WARN_ABOUT_RETURN_TYPE = YES_ERROR;
				GCC_WARN_UNDECLARED_SELECTOR = YES;
				GCC_WARN_UNINITIALIZED_AUTOS = YES_AGGRESSIVE;
				GCC_WARN_UNUSED_FUNCTION = YES;
				GCC_WARN_UNUSED_VARIABLE = YES;
				IPHONEOS_DEPLOYMENT_TARGET = 9.1;
				MTL_ENABLE_DEBUG_INFO = YES;
				ONLY_ACTIVE_ARCH = YES;
				SDKROOT = iphoneos;
				SWIFT_OPTIMIZATION_LEVEL = "-Onone";
			};
			name = Debug;
		};
		17B0C7D61BF748E900CD65AA /* Release */ = {
			isa = XCBuildConfiguration;
			buildSettings = {
				ALWAYS_SEARCH_USER_PATHS = NO;
				CLANG_CXX_LANGUAGE_STANDARD = "gnu++0x";
				CLANG_CXX_LIBRARY = "libc++";
				CLANG_ENABLE_MODULES = YES;
				CLANG_ENABLE_OBJC_ARC = YES;
				CLANG_WARN_BOOL_CONVERSION = YES;
				CLANG_WARN_CONSTANT_CONVERSION = YES;
				CLANG_WARN_DIRECT_OBJC_ISA_USAGE = YES_ERROR;
				CLANG_WARN_EMPTY_BODY = YES;
				CLANG_WARN_ENUM_CONVERSION = YES;
				CLANG_WARN_INT_CONVERSION = YES;
				CLANG_WARN_OBJC_ROOT_CLASS = YES_ERROR;
				CLANG_WARN_UNREACHABLE_CODE = YES;
				CLANG_WARN__DUPLICATE_METHOD_MATCH = YES;
				"CODE_SIGN_IDENTITY[sdk=iphoneos*]" = "iPhone Developer";
				COPY_PHASE_STRIP = NO;
				DEBUG_INFORMATION_FORMAT = "dwarf-with-dsym";
				ENABLE_NS_ASSERTIONS = NO;
				ENABLE_STRICT_OBJC_MSGSEND = YES;
				GCC_C_LANGUAGE_STANDARD = gnu99;
				GCC_NO_COMMON_BLOCKS = YES;
				GCC_WARN_64_TO_32_BIT_CONVERSION = YES;
				GCC_WARN_ABOUT_RETURN_TYPE = YES_ERROR;
				GCC_WARN_UNDECLARED_SELECTOR = YES;
				GCC_WARN_UNINITIALIZED_AUTOS = YES_AGGRESSIVE;
				GCC_WARN_UNUSED_FUNCTION = YES;
				GCC_WARN_UNUSED_VARIABLE = YES;
				IPHONEOS_DEPLOYMENT_TARGET = 9.1;
				MTL_ENABLE_DEBUG_INFO = NO;
				SDKROOT = iphoneos;
				VALIDATE_PRODUCT = YES;
			};
			name = Release;
		};
		17B0C7D81BF748E900CD65AA /* Debug */ = {
			isa = XCBuildConfiguration;
			buildSettings = {
				ASSETCATALOG_COMPILER_APPICON_NAME = AppIcon;
				CODE_SIGN_IDENTITY = "iPhone Developer";
				"CODE_SIGN_IDENTITY[sdk=iphoneos*]" = "iPhone Developer";
				INFOPLIST_FILE = WriteRead2File/Info.plist;
				IPHONEOS_DEPLOYMENT_TARGET = 8.4;
				LD_RUNPATH_SEARCH_PATHS = "$(inherited) @executable_path/Frameworks";
				PRODUCT_BUNDLE_IDENTIFIER = com.abraham.WriteRead2File;
				PRODUCT_NAME = "$(TARGET_NAME)";
				PROVISIONING_PROFILE = "";
			};
			name = Debug;
		};
		17B0C7D91BF748E900CD65AA /* Release */ = {
			isa = XCBuildConfiguration;
			buildSettings = {
				ASSETCATALOG_COMPILER_APPICON_NAME = AppIcon;
				CODE_SIGN_IDENTITY = "iPhone Developer";
				"CODE_SIGN_IDENTITY[sdk=iphoneos*]" = "iPhone Developer";
				INFOPLIST_FILE = WriteRead2File/Info.plist;
				IPHONEOS_DEPLOYMENT_TARGET = 8.4;
				LD_RUNPATH_SEARCH_PATHS = "$(inherited) @executable_path/Frameworks";
				PRODUCT_BUNDLE_IDENTIFIER = com.abraham.WriteRead2File;
				PRODUCT_NAME = "$(TARGET_NAME)";
				PROVISIONING_PROFILE = "";
			};
			name = Release;
		};
/* End XCBuildConfiguration section */

/* Begin XCConfigurationList section */
		17B0C7C01BF748E900CD65AA /* Build configuration list for PBXProject "WriteRead2File" */ = {
			isa = XCConfigurationList;
			buildConfigurations = (
				17B0C7D51BF748E900CD65AA /* Debug */,
				17B0C7D61BF748E900CD65AA /* Release */,
			);
			defaultConfigurationIsVisible = 0;
			defaultConfigurationName = Release;
		};
		17B0C7D71BF748E900CD65AA /* Build configuration list for PBXNativeTarget "WriteRead2File" */ = {
			isa = XCConfigurationList;
			buildConfigurations = (
				17B0C7D81BF748E900CD65AA /* Debug */,
				17B0C7D91BF748E900CD65AA /* Release */,
			);
			defaultConfigurationIsVisible = 0;
			defaultConfigurationName = Release;
		};
/* End XCConfigurationList section */
	};
	rootObject = 17B0C7BD1BF748E900CD65AA /* Project object */;
}
