// !$*UTF8*$!
{
	archiveVersion = 1;
	classes = {
	};
	objectVersion = 46;
	objects = {

/* Begin PBXBuildFile section */
		175118451C23E8DB007162C5 /* AppDelegate.swift in Sources */ = {isa = PBXBuildFile; fileRef = 175118441C23E8DB007162C5 /* AppDelegate.swift */; };
		175118471C23E8DB007162C5 /* ViewController.swift in Sources */ = {isa = PBXBuildFile; fileRef = 175118461C23E8DB007162C5 /* ViewController.swift */; };
		1751184A1C23E8DB007162C5 /* Main.storyboard in Resources */ = {isa = PBXBuildFile; fileRef = 175118481C23E8DB007162C5 /* Main.storyboard */; };
		1751184C1C23E8DB007162C5 /* Assets.xcassets in Resources */ = {isa = PBXBuildFile; fileRef = 1751184B1C23E8DB007162C5 /* Assets.xcassets */; };
		1751184F1C23E8DB007162C5 /* LaunchScreen.storyboard in Resources */ = {isa = PBXBuildFile; fileRef = 1751184D1C23E8DB007162C5 /* LaunchScreen.storyboard */; };
		175118811C23FFE7007162C5 /* AFHTTPRequestOperation.m in Sources */ = {isa = PBXBuildFile; fileRef = 1751186F1C23FFE7007162C5 /* AFHTTPRequestOperation.m */; };
		175118821C23FFE7007162C5 /* AFHTTPRequestOperationManager.m in Sources */ = {isa = PBXBuildFile; fileRef = 175118711C23FFE7007162C5 /* AFHTTPRequestOperationManager.m */; };
		175118831C23FFE7007162C5 /* AFHTTPSessionManager.m in Sources */ = {isa = PBXBuildFile; fileRef = 175118731C23FFE7007162C5 /* AFHTTPSessionManager.m */; };
		175118841C23FFE7007162C5 /* AFNetworkReachabilityManager.m in Sources */ = {isa = PBXBuildFile; fileRef = 175118761C23FFE7007162C5 /* AFNetworkReachabilityManager.m */; };
		175118851C23FFE7007162C5 /* AFSecurityPolicy.m in Sources */ = {isa = PBXBuildFile; fileRef = 175118781C23FFE7007162C5 /* AFSecurityPolicy.m */; };
		175118861C23FFE7007162C5 /* AFURLConnectionOperation.m in Sources */ = {isa = PBXBuildFile; fileRef = 1751187A1C23FFE7007162C5 /* AFURLConnectionOperation.m */; };
		175118871C23FFE7007162C5 /* AFURLRequestSerialization.m in Sources */ = {isa = PBXBuildFile; fileRef = 1751187C1C23FFE7007162C5 /* AFURLRequestSerialization.m */; };
		175118881C23FFE7007162C5 /* AFURLResponseSerialization.m in Sources */ = {isa = PBXBuildFile; fileRef = 1751187E1C23FFE7007162C5 /* AFURLResponseSerialization.m */; };
		175118891C23FFE7007162C5 /* AFURLSessionManager.m in Sources */ = {isa = PBXBuildFile; fileRef = 175118801C23FFE7007162C5 /* AFURLSessionManager.m */; };
/* End PBXBuildFile section */

/* Begin PBXFileReference section */
		175118411C23E8DB007162C5 /* AFNetWorkingDemo.app */ = {isa = PBXFileReference; explicitFileType = wrapper.application; includeInIndex = 0; path = AFNetWorkingDemo.app; sourceTree = BUILT_PRODUCTS_DIR; };
		175118441C23E8DB007162C5 /* AppDelegate.swift */ = {isa = PBXFileReference; lastKnownFileType = sourcecode.swift; path = AppDelegate.swift; sourceTree = "<group>"; };
		175118461C23E8DB007162C5 /* ViewController.swift */ = {isa = PBXFileReference; lastKnownFileType = sourcecode.swift; path = ViewController.swift; sourceTree = "<group>"; };
		175118491C23E8DB007162C5 /* Base */ = {isa = PBXFileReference; lastKnownFileType = file.storyboard; name = Base; path = Base.lproj/Main.storyboard; sourceTree = "<group>"; };
		1751184B1C23E8DB007162C5 /* Assets.xcassets */ = {isa = PBXFileReference; lastKnownFileType = folder.assetcatalog; path = Assets.xcassets; sourceTree = "<group>"; };
		1751184E1C23E8DB007162C5 /* Base */ = {isa = PBXFileReference; lastKnownFileType = file.storyboard; name = Base; path = Base.lproj/LaunchScreen.storyboard; sourceTree = "<group>"; };
		175118501C23E8DB007162C5 /* Info.plist */ = {isa = PBXFileReference; lastKnownFileType = text.plist.xml; path = Info.plist; sourceTree = "<group>"; };
		1751186E1C23FFE7007162C5 /* AFHTTPRequestOperation.h */ = {isa = PBXFileReference; fileEncoding = 4; lastKnownFileType = sourcecode.c.h; path = AFHTTPRequestOperation.h; sourceTree = "<group>"; };
		1751186F1C23FFE7007162C5 /* AFHTTPRequestOperation.m */ = {isa = PBXFileReference; fileEncoding = 4; lastKnownFileType = sourcecode.c.objc; path = AFHTTPRequestOperation.m; sourceTree = "<group>"; };
		175118701C23FFE7007162C5 /* AFHTTPRequestOperationManager.h */ = {isa = PBXFileReference; fileEncoding = 4; lastKnownFileType = sourcecode.c.h; path = AFHTTPRequestOperationManager.h; sourceTree = "<group>"; };
		175118711C23FFE7007162C5 /* AFHTTPRequestOperationManager.m */ = {isa = PBXFileReference; fileEncoding = 4; lastKnownFileType = sourcecode.c.objc; path = AFHTTPRequestOperationManager.m; sourceTree = "<group>"; };
		175118721C23FFE7007162C5 /* AFHTTPSessionManager.h */ = {isa = PBXFileReference; fileEncoding = 4; lastKnownFileType = sourcecode.c.h; path = AFHTTPSessionManager.h; sourceTree = "<group>"; };
		175118731C23FFE7007162C5 /* AFHTTPSessionManager.m */ = {isa = PBXFileReference; fileEncoding = 4; lastKnownFileType = sourcecode.c.objc; path = AFHTTPSessionManager.m; sourceTree = "<group>"; };
		175118741C23FFE7007162C5 /* AFNetworking.h */ = {isa = PBXFileReference; fileEncoding = 4; lastKnownFileType = sourcecode.c.h; path = AFNetworking.h; sourceTree = "<group>"; };
		175118751C23FFE7007162C5 /* AFNetworkReachabilityManager.h */ = {isa = PBXFileReference; fileEncoding = 4; lastKnownFileType = sourcecode.c.h; path = AFNetworkReachabilityManager.h; sourceTree = "<group>"; };
		175118761C23FFE7007162C5 /* AFNetworkReachabilityManager.m */ = {isa = PBXFileReference; fileEncoding = 4; lastKnownFileType = sourcecode.c.objc; path = AFNetworkReachabilityManager.m; sourceTree = "<group>"; };
		175118771C23FFE7007162C5 /* AFSecurityPolicy.h */ = {isa = PBXFileReference; fileEncoding = 4; lastKnownFileType = sourcecode.c.h; path = AFSecurityPolicy.h; sourceTree = "<group>"; };
		175118781C23FFE7007162C5 /* AFSecurityPolicy.m */ = {isa = PBXFileReference; fileEncoding = 4; lastKnownFileType = sourcecode.c.objc; path = AFSecurityPolicy.m; sourceTree = "<group>"; };
		175118791C23FFE7007162C5 /* AFURLConnectionOperation.h */ = {isa = PBXFileReference; fileEncoding = 4; lastKnownFileType = sourcecode.c.h; path = AFURLConnectionOperation.h; sourceTree = "<group>"; };
		1751187A1C23FFE7007162C5 /* AFURLConnectionOperation.m */ = {isa = PBXFileReference; fileEncoding = 4; lastKnownFileType = sourcecode.c.objc; path = AFURLConnectionOperation.m; sourceTree = "<group>"; };
		1751187B1C23FFE7007162C5 /* AFURLRequestSerialization.h */ = {isa = PBXFileReference; fileEncoding = 4; lastKnownFileType = sourcecode.c.h; path = AFURLRequestSerialization.h; sourceTree = "<group>"; };
		1751187C1C23FFE7007162C5 /* AFURLRequestSerialization.m */ = {isa = PBXFileReference; fileEncoding = 4; lastKnownFileType = sourcecode.c.objc; path = AFURLRequestSerialization.m; sourceTree = "<group>"; };
		1751187D1C23FFE7007162C5 /* AFURLResponseSerialization.h */ = {isa = PBXFileReference; fileEncoding = 4; lastKnownFileType = sourcecode.c.h; path = AFURLResponseSerialization.h; sourceTree = "<group>"; };
		1751187E1C23FFE7007162C5 /* AFURLResponseSerialization.m */ = {isa = PBXFileReference; fileEncoding = 4; lastKnownFileType = sourcecode.c.objc; path = AFURLResponseSerialization.m; sourceTree = "<group>"; };
		1751187F1C23FFE7007162C5 /* AFURLSessionManager.h */ = {isa = PBXFileReference; fileEncoding = 4; lastKnownFileType = sourcecode.c.h; path = AFURLSessionManager.h; sourceTree = "<group>"; };
		175118801C23FFE7007162C5 /* AFURLSessionManager.m */ = {isa = PBXFileReference; fileEncoding = 4; lastKnownFileType = sourcecode.c.objc; path = AFURLSessionManager.m; sourceTree = "<group>"; };
/* End PBXFileReference section */

/* Begin PBXFrameworksBuildPhase section */
		1751183E1C23E8DB007162C5 /* Frameworks */ = {
			isa = PBXFrameworksBuildPhase;
			buildActionMask = 2147483647;
			files = (
			);
			runOnlyForDeploymentPostprocessing = 0;
		};
/* End PBXFrameworksBuildPhase section */

/* Begin PBXGroup section */
		175118381C23E8DB007162C5 = {
			isa = PBXGroup;
			children = (
				175118431C23E8DB007162C5 /* AFNetWorkingDemo */,
				175118421C23E8DB007162C5 /* Products */,
			);
			sourceTree = "<group>";
		};
		175118421C23E8DB007162C5 /* Products */ = {
			isa = PBXGroup;
			children = (
				175118411C23E8DB007162C5 /* AFNetWorkingDemo.app */,
			);
			name = Products;
			sourceTree = "<group>";
		};
		175118431C23E8DB007162C5 /* AFNetWorkingDemo */ = {
			isa = PBXGroup;
			children = (
				1751186D1C23FFE7007162C5 /* AFNetworking */,
				175118441C23E8DB007162C5 /* AppDelegate.swift */,
				175118461C23E8DB007162C5 /* ViewController.swift */,
				175118481C23E8DB007162C5 /* Main.storyboard */,
				1751184B1C23E8DB007162C5 /* Assets.xcassets */,
				1751184D1C23E8DB007162C5 /* LaunchScreen.storyboard */,
				175118501C23E8DB007162C5 /* Info.plist */,
			);
			path = AFNetWorkingDemo;
			sourceTree = "<group>";
		};
		1751186D1C23FFE7007162C5 /* AFNetworking */ = {
			isa = PBXGroup;
			children = (
				1751186E1C23FFE7007162C5 /* AFHTTPRequestOperation.h */,
				1751186F1C23FFE7007162C5 /* AFHTTPRequestOperation.m */,
				175118701C23FFE7007162C5 /* AFHTTPRequestOperationManager.h */,
				175118711C23FFE7007162C5 /* AFHTTPRequestOperationManager.m */,
				175118721C23FFE7007162C5 /* AFHTTPSessionManager.h */,
				175118731C23FFE7007162C5 /* AFHTTPSessionManager.m */,
				175118741C23FFE7007162C5 /* AFNetworking.h */,
				175118751C23FFE7007162C5 /* AFNetworkReachabilityManager.h */,
				175118761C23FFE7007162C5 /* AFNetworkReachabilityManager.m */,
				175118771C23FFE7007162C5 /* AFSecurityPolicy.h */,
				175118781C23FFE7007162C5 /* AFSecurityPolicy.m */,
				175118791C23FFE7007162C5 /* AFURLConnectionOperation.h */,
				1751187A1C23FFE7007162C5 /* AFURLConnectionOperation.m */,
				1751187B1C23FFE7007162C5 /* AFURLRequestSerialization.h */,
				1751187C1C23FFE7007162C5 /* AFURLRequestSerialization.m */,
				1751187D1C23FFE7007162C5 /* AFURLResponseSerialization.h */,
				1751187E1C23FFE7007162C5 /* AFURLResponseSerialization.m */,
				1751187F1C23FFE7007162C5 /* AFURLSessionManager.h */,
				175118801C23FFE7007162C5 /* AFURLSessionManager.m */,
			);
			path = AFNetworking;
			sourceTree = "<group>";
		};
/* End PBXGroup section */

/* Begin PBXNativeTarget section */
		175118401C23E8DB007162C5 /* AFNetWorkingDemo */ = {
			isa = PBXNativeTarget;
			buildConfigurationList = 175118531C23E8DB007162C5 /* Build configuration list for PBXNativeTarget "AFNetWorkingDemo" */;
			buildPhases = (
				1751183D1C23E8DB007162C5 /* Sources */,
				1751183E1C23E8DB007162C5 /* Frameworks */,
				1751183F1C23E8DB007162C5 /* Resources */,
			);
			buildRules = (
			);
			dependencies = (
			);
			name = AFNetWorkingDemo;
			productName = AFNetWorkingDemo;
			productReference = 175118411C23E8DB007162C5 /* AFNetWorkingDemo.app */;
			productType = "com.apple.product-type.application";
		};
/* End PBXNativeTarget section */

/* Begin PBXProject section */
		175118391C23E8DB007162C5 /* Project object */ = {
			isa = PBXProject;
			attributes = {
				LastSwiftUpdateCheck = 0720;
				LastUpgradeCheck = 0720;
				ORGANIZATIONNAME = Abraham;
				TargetAttributes = {
					175118401C23E8DB007162C5 = {
						CreatedOnToolsVersion = 7.2;
						DevelopmentTeam = XL5E3T6G8Z;
					};
				};
			};
			buildConfigurationList = 1751183C1C23E8DB007162C5 /* Build configuration list for PBXProject "AFNetWorkingDemo" */;
			compatibilityVersion = "Xcode 3.2";
			developmentRegion = English;
			hasScannedForEncodings = 0;
			knownRegions = (
				en,
				Base,
			);
			mainGroup = 175118381C23E8DB007162C5;
			productRefGroup = 175118421C23E8DB007162C5 /* Products */;
			projectDirPath = "";
			projectRoot = "";
			targets = (
				175118401C23E8DB007162C5 /* AFNetWorkingDemo */,
			);
		};
/* End PBXProject section */

/* Begin PBXResourcesBuildPhase section */
		1751183F1C23E8DB007162C5 /* Resources */ = {
			isa = PBXResourcesBuildPhase;
			buildActionMask = 2147483647;
			files = (
				1751184F1C23E8DB007162C5 /* LaunchScreen.storyboard in Resources */,
				1751184C1C23E8DB007162C5 /* Assets.xcassets in Resources */,
				1751184A1C23E8DB007162C5 /* Main.storyboard in Resources */,
			);
			runOnlyForDeploymentPostprocessing = 0;
		};
/* End PBXResourcesBuildPhase section */

/* Begin PBXSourcesBuildPhase section */
		1751183D1C23E8DB007162C5 /* Sources */ = {
			isa = PBXSourcesBuildPhase;
			buildActionMask = 2147483647;
			files = (
				175118871C23FFE7007162C5 /* AFURLRequestSerialization.m in Sources */,
				175118861C23FFE7007162C5 /* AFURLConnectionOperation.m in Sources */,
				175118851C23FFE7007162C5 /* AFSecurityPolicy.m in Sources */,
				175118811C23FFE7007162C5 /* AFHTTPRequestOperation.m in Sources */,
				175118891C23FFE7007162C5 /* AFURLSessionManager.m in Sources */,
				175118881C23FFE7007162C5 /* AFURLResponseSerialization.m in Sources */,
				175118471C23E8DB007162C5 /* ViewController.swift in Sources */,
				175118831C23FFE7007162C5 /* AFHTTPSessionManager.m in Sources */,
				175118821C23FFE7007162C5 /* AFHTTPRequestOperationManager.m in Sources */,
				175118841C23FFE7007162C5 /* AFNetworkReachabilityManager.m in Sources */,
				175118451C23E8DB007162C5 /* AppDelegate.swift in Sources */,
			);
			runOnlyForDeploymentPostprocessing = 0;
		};
/* End PBXSourcesBuildPhase section */

/* Begin PBXVariantGroup section */
		175118481C23E8DB007162C5 /* Main.storyboard */ = {
			isa = PBXVariantGroup;
			children = (
				175118491C23E8DB007162C5 /* Base */,
			);
			name = Main.storyboard;
			sourceTree = "<group>";
		};
		1751184D1C23E8DB007162C5 /* LaunchScreen.storyboard */ = {
			isa = PBXVariantGroup;
			children = (
				1751184E1C23E8DB007162C5 /* Base */,
			);
			name = LaunchScreen.storyboard;
			sourceTree = "<group>";
		};
/* End PBXVariantGroup section */

/* Begin XCBuildConfiguration section */
		175118511C23E8DB007162C5 /* Debug */ = {
			isa = XCBuildConfiguration;
			buildSettings = {
				ALWAYS_SEARCH_USER_PATHS = NO;
				CLANG_CXX_LANGUAGE_STANDARD = "gnu++0x";
				CLANG_CXX_LIBRARY = "libc++";
				CLANG_ENABLE_MODULES = YES;
				CLANG_ENABLE_OBJC_ARC = YES;
				CLANG_WARN_BOOL_CONVERSION = YES;
				CLANG_WARN_CONSTANT_CONVERSION = YES;
				CLANG_WARN_DIRECT_OBJC_ISA_USAGE = YES_ERROR;
				CLANG_WARN_EMPTY_BODY = YES;
				CLANG_WARN_ENUM_CONVERSION = YES;
				CLANG_WARN_INT_CONVERSION = YES;
				CLANG_WARN_OBJC_ROOT_CLASS = YES_ERROR;
				CLANG_WARN_UNREACHABLE_CODE = YES;
				CLANG_WARN__DUPLICATE_METHOD_MATCH = YES;
				"CODE_SIGN_IDENTITY[sdk=iphoneos*]" = "iPhone Developer";
				COPY_PHASE_STRIP = NO;
				DEBUG_INFORMATION_FORMAT = dwarf;
				ENABLE_STRICT_OBJC_MSGSEND = YES;
				ENABLE_TESTABILITY = YES;
				GCC_C_LANGUAGE_STANDARD = gnu99;
				GCC_DYNAMIC_NO_PIC = NO;
				GCC_NO_COMMON_BLOCKS = YES;
				GCC_OPTIMIZATION_LEVEL = 0;
				GCC_PREPROCESSOR_DEFINITIONS = (
					"DEBUG=1",
					"$(inherited)",
				);
				GCC_WARN_64_TO_32_BIT_CONVERSION = YES;
				GCC_WARN_ABOUT_RETURN_TYPE = YES_ERROR;
				GCC_WARN_UNDECLARED_SELECTOR = YES;
				GCC_WARN_UNINITIALIZED_AUTOS = YES_AGGRESSIVE;
				GCC_WARN_UNUSED_FUNCTION = YES;
				GCC_WARN_UNUSED_VARIABLE = YES;
				IPHONEOS_DEPLOYMENT_TARGET = 9.2;
				MTL_ENABLE_DEBUG_INFO = YES;
				ONLY_ACTIVE_ARCH = YES;
				SDKROOT = iphoneos;
				SWIFT_OPTIMIZATION_LEVEL = "-Onone";
			};
			name = Debug;
		};
		175118521C23E8DB007162C5 /* Release */ = {
			isa = XCBuildConfiguration;
			buildSettings = {
				ALWAYS_SEARCH_USER_PATHS = NO;
				CLANG_CXX_LANGUAGE_STANDARD = "gnu++0x";
				CLANG_CXX_LIBRARY = "libc++";
				CLANG_ENABLE_MODULES = YES;
				CLANG_ENABLE_OBJC_ARC = YES;
				CLANG_WARN_BOOL_CONVERSION = YES;
				CLANG_WARN_CONSTANT_CONVERSION = YES;
				CLANG_WARN_DIRECT_OBJC_ISA_USAGE = YES_ERROR;
				CLANG_WARN_EMPTY_BODY = YES;
				CLANG_WARN_ENUM_CONVERSION = YES;
				CLANG_WARN_INT_CONVERSION = YES;
				CLANG_WARN_OBJC_ROOT_CLASS = YES_ERROR;
				CLANG_WARN_UNREACHABLE_CODE = YES;
				CLANG_WARN__DUPLICATE_METHOD_MATCH = YES;
				"CODE_SIGN_IDENTITY[sdk=iphoneos*]" = "iPhone Developer";
				COPY_PHASE_STRIP = NO;
				DEBUG_INFORMATION_FORMAT = "dwarf-with-dsym";
				ENABLE_NS_ASSERTIONS = NO;
				ENABLE_STRICT_OBJC_MSGSEND = YES;
				GCC_C_LANGUAGE_STANDARD = gnu99;
				GCC_NO_COMMON_BLOCKS = YES;
				GCC_WARN_64_TO_32_BIT_CONVERSION = YES;
				GCC_WARN_ABOUT_RETURN_TYPE = YES_ERROR;
				GCC_WARN_UNDECLARED_SELECTOR = YES;
				GCC_WARN_UNINITIALIZED_AUTOS = YES_AGGRESSIVE;
				GCC_WARN_UNUSED_FUNCTION = YES;
				GCC_WARN_UNUSED_VARIABLE = YES;
				IPHONEOS_DEPLOYMENT_TARGET = 9.2;
				MTL_ENABLE_DEBUG_INFO = NO;
				SDKROOT = iphoneos;
				VALIDATE_PRODUCT = YES;
			};
			name = Release;
		};
		175118541C23E8DB007162C5 /* Debug */ = {
			isa = XCBuildConfiguration;
			buildSettings = {
				ASSETCATALOG_COMPILER_APPICON_NAME = AppIcon;
				CLANG_ENABLE_MODULES = YES;
				CODE_SIGN_IDENTITY = "iPhone Developer";
				INFOPLIST_FILE = AFNetWorkingDemo/Info.plist;
				IPHONEOS_DEPLOYMENT_TARGET = 8.4;
				LD_RUNPATH_SEARCH_PATHS = "$(inherited) @executable_path/Frameworks";
				PRODUCT_BUNDLE_IDENTIFIER = com.abraham.AFNetWorkingDemo;
				PRODUCT_NAME = "$(TARGET_NAME)";
				SWIFT_OBJC_BRIDGING_HEADER = "AFNetWorkingDemo-Bridging-Header.h";
				SWIFT_OPTIMIZATION_LEVEL = "-Onone";
			};
			name = Debug;
		};
		175118551C23E8DB007162C5 /* Release */ = {
			isa = XCBuildConfiguration;
			buildSettings = {
				ASSETCATALOG_COMPILER_APPICON_NAME = AppIcon;
				CLANG_ENABLE_MODULES = YES;
				CODE_SIGN_IDENTITY = "iPhone Developer";
				INFOPLIST_FILE = AFNetWorkingDemo/Info.plist;
				IPHONEOS_DEPLOYMENT_TARGET = 8.4;
				LD_RUNPATH_SEARCH_PATHS = "$(inherited) @executable_path/Frameworks";
				PRODUCT_BUNDLE_IDENTIFIER = com.abraham.AFNetWorkingDemo;
				PRODUCT_NAME = "$(TARGET_NAME)";
				SWIFT_OBJC_BRIDGING_HEADER = "AFNetWorkingDemo-Bridging-Header.h";
			};
			name = Release;
		};
/* End XCBuildConfiguration section */

/* Begin XCConfigurationList section */
		1751183C1C23E8DB007162C5 /* Build configuration list for PBXProject "AFNetWorkingDemo" */ = {
			isa = XCConfigurationList;
			buildConfigurations = (
				175118511C23E8DB007162C5 /* Debug */,
				175118521C23E8DB007162C5 /* Release */,
			);
			defaultConfigurationIsVisible = 0;
			defaultConfigurationName = Release;
		};
		175118531C23E8DB007162C5 /* Build configuration list for PBXNativeTarget "AFNetWorkingDemo" */ = {
			isa = XCConfigurationList;
			buildConfigurations = (
				175118541C23E8DB007162C5 /* Debug */,
				175118551C23E8DB007162C5 /* Release */,
			);
			defaultConfigurationIsVisible = 0;
			defaultConfigurationName = Release;
		};
/* End XCConfigurationList section */
	};
	rootObject = 175118391C23E8DB007162C5 /* Project object */;
}
